
Microsoft Visual Studio Solution File, Format Version 12.00
Project("{FAE04EC0-301F-11D3-BF4B-00C04F79EFBC}") = "Elearn.WebAPI", "Elearn.WebAPI\Elearn.WebAPI.csproj", "{C214DA11-AB97-404D-A1F9-B90BDD04B02B}"
EndProject
Project("{FAE04EC0-301F-11D3-BF4B-00C04F79EFBC}") = "Elearn.Shared", "Elearn.Shared\Elearn.Shared.csproj", "{90D98CB2-96F9-4900-987F-673FC5CEC0AC}"
EndProject
Project("{FAE04EC0-301F-11D3-BF4B-00C04F79EFBC}") = "Elearn.Data", "Elearn.Data\Elearn.Data.csproj", "{386F966A-FFA0-47E9-A787-77EF05306163}"
EndProject
Project("{FAE04EC0-301F-11D3-BF4B-00C04F79EFBC}") = "Elearn.Application", "Elearn.Application\Elearn.Application.csproj", "{0BD87302-26CD-48EA-B7AD-E2028BE8B760}"
EndProject
Global
	GlobalSection(SolutionConfigurationPlatforms) = preSolution
		Debug|Any CPU = Debug|Any CPU
		Release|Any CPU = Release|Any CPU
	EndGlobalSection
	GlobalSection(ProjectConfigurationPlatforms) = postSolution
		{C214DA11-AB97-404D-A1F9-B90BDD04B02B}.Debug|Any CPU.ActiveCfg = Debug|Any CPU
		{C214DA11-AB97-404D-A1F9-B90BDD04B02B}.Debug|Any CPU.Build.0 = Debug|Any CPU
		{C214DA11-AB97-404D-A1F9-B90BDD04B02B}.Release|Any CPU.ActiveCfg = Release|Any CPU
		{C214DA11-AB97-404D-A1F9-B90BDD04B02B}.Release|Any CPU.Build.0 = Release|Any CPU
		{90D98CB2-96F9-4900-987F-673FC5CEC0AC}.Debug|Any CPU.ActiveCfg = Debug|Any CPU
		{90D98CB2-96F9-4900-987F-673FC5CEC0AC}.Debug|Any CPU.Build.0 = Debug|Any CPU
		{90D98CB2-96F9-4900-987F-673FC5CEC0AC}.Release|Any CPU.ActiveCfg = Release|Any CPU
		{90D98CB2-96F9-4900-987F-673FC5CEC0AC}.Release|Any CPU.Build.0 = Release|Any CPU
		{386F966A-FFA0-47E9-A787-77EF05306163}.Debug|Any CPU.ActiveCfg = Debug|Any CPU
		{386F966A-FFA0-47E9-A787-77EF05306163}.Debug|Any CPU.Build.0 = Debug|Any CPU
		{386F966A-FFA0-47E9-A787-77EF05306163}.Release|Any CPU.ActiveCfg = Release|Any CPU
		{386F966A-FFA0-47E9-A787-77EF05306163}.Release|Any CPU.Build.0 = Release|Any CPU
		{0BD87302-26CD-48EA-B7AD-E2028BE8B760}.Debug|Any CPU.ActiveCfg = Debug|Any CPU
		{0BD87302-26CD-48EA-B7AD-E2028BE8B760}.Debug|Any CPU.Build.0 = Debug|Any CPU
		{0BD87302-26CD-48EA-B7AD-E2028BE8B760}.Release|Any CPU.ActiveCfg = Release|Any CPU
		{0BD87302-26CD-48EA-B7AD-E2028BE8B760}.Release|Any CPU.Build.0 = Release|Any CPU
	EndGlobalSection
EndGlobal
